// !$*UTF8*$!
{
	archiveVersion = 1;
	classes = {
	};
	objectVersion = 56;
	objects = {

/* Begin PBXBuildFile section */
		621FDADF2C7B520D003804AE /* AppDelegate.swift in Sources */ = {isa = PBXBuildFile; fileRef = 621FDADE2C7B520D003804AE /* AppDelegate.swift */; };
		621FDAE12C7B520D003804AE /* SceneDelegate.swift in Sources */ = {isa = PBXBuildFile; fileRef = 621FDAE02C7B520D003804AE /* SceneDelegate.swift */; };
		621FDAE32C7B520D003804AE /* TrackersViewController.swift in Sources */ = {isa = PBXBuildFile; fileRef = 621FDAE22C7B520D003804AE /* TrackersViewController.swift */; };
		621FDAE82C7B520F003804AE /* Assets.xcassets in Resources */ = {isa = PBXBuildFile; fileRef = 621FDAE72C7B520F003804AE /* Assets.xcassets */; };
		621FDAF62C7B520F003804AE /* TrackerTests.swift in Sources */ = {isa = PBXBuildFile; fileRef = 621FDAF52C7B520F003804AE /* TrackerTests.swift */; };
		621FDB002C7B520F003804AE /* TrackerUITests.swift in Sources */ = {isa = PBXBuildFile; fileRef = 621FDAFF2C7B520F003804AE /* TrackerUITests.swift */; };
		621FDB022C7B520F003804AE /* TrackerUITestsLaunchTests.swift in Sources */ = {isa = PBXBuildFile; fileRef = 621FDB012C7B520F003804AE /* TrackerUITestsLaunchTests.swift */; };
		621FDB0F2C7C9C99003804AE /* TabBarController.swift in Sources */ = {isa = PBXBuildFile; fileRef = 621FDB0E2C7C9C99003804AE /* TabBarController.swift */; };
		621FDB112C7C9D54003804AE /* StatViewController.swift in Sources */ = {isa = PBXBuildFile; fileRef = 621FDB102C7C9D54003804AE /* StatViewController.swift */; };
		621FDB152C7DB6F6003804AE /* LaunchViewController.swift in Sources */ = {isa = PBXBuildFile; fileRef = 621FDB142C7DB6F6003804AE /* LaunchViewController.swift */; };
		621FDB182C80BB4B003804AE /* Tracker.swift in Sources */ = {isa = PBXBuildFile; fileRef = 621FDB172C80BB4B003804AE /* Tracker.swift */; };
		621FDB1B2C80BB68003804AE /* TrackerCategory.swift in Sources */ = {isa = PBXBuildFile; fileRef = 621FDB1A2C80BB68003804AE /* TrackerCategory.swift */; };
		621FDB1D2C80BB76003804AE /* TrackerRecord.swift in Sources */ = {isa = PBXBuildFile; fileRef = 621FDB1C2C80BB76003804AE /* TrackerRecord.swift */; };
		621FDB202C80C609003804AE /* CreateTrackerController.swift in Sources */ = {isa = PBXBuildFile; fileRef = 621FDB1F2C80C609003804AE /* CreateTrackerController.swift */; };
		621FDB222C80CA3D003804AE /* СustomButton.swift in Sources */ = {isa = PBXBuildFile; fileRef = 621FDB212C80CA3D003804AE /* СustomButton.swift */; };
		621FDB272C80DEA6003804AE /* CreateHabitsController.swift in Sources */ = {isa = PBXBuildFile; fileRef = 621FDB262C80DEA6003804AE /* CreateHabitsController.swift */; };
		621FDB292C80E425003804AE /* TitlePopup .swift in Sources */ = {isa = PBXBuildFile; fileRef = 621FDB282C80E425003804AE /* TitlePopup .swift */; };
		621FDB2B2C80EE3E003804AE /* CustomTextField.swift in Sources */ = {isa = PBXBuildFile; fileRef = 621FDB2A2C80EE3E003804AE /* CustomTextField.swift */; };
		621FDB2D2C81D5EA003804AE /* CustomSelectionButton.swift in Sources */ = {isa = PBXBuildFile; fileRef = 621FDB2C2C81D5EA003804AE /* CustomSelectionButton.swift */; };
		621FDB2F2C81E89D003804AE /* CategoryViewController.swift in Sources */ = {isa = PBXBuildFile; fileRef = 621FDB2E2C81E89D003804AE /* CategoryViewController.swift */; };
		621FDB312C81F1E8003804AE /* CreateCategoryViewController.swift in Sources */ = {isa = PBXBuildFile; fileRef = 621FDB302C81F1E8003804AE /* CreateCategoryViewController.swift */; };
		621FDB342C81F9D6003804AE /* ScheduleViewController.swift in Sources */ = {isa = PBXBuildFile; fileRef = 621FDB332C81F9D6003804AE /* ScheduleViewController.swift */; };
		621FDB362C821D4A003804AE /* ScheduleCell.swift in Sources */ = {isa = PBXBuildFile; fileRef = 621FDB352C821D4A003804AE /* ScheduleCell.swift */; };
		621FDB382C82F9CB003804AE /* CategoryCell.swift in Sources */ = {isa = PBXBuildFile; fileRef = 621FDB372C82F9CB003804AE /* CategoryCell.swift */; };
		621FDB3D2C84B645003804AE /* TrackerCell.swift in Sources */ = {isa = PBXBuildFile; fileRef = 621FDB3C2C84B645003804AE /* TrackerCell.swift */; };
/* End PBXBuildFile section */

/* Begin PBXContainerItemProxy section */
		621FDAF22C7B520F003804AE /* PBXContainerItemProxy */ = {
			isa = PBXContainerItemProxy;
			containerPortal = 621FDAD32C7B520D003804AE /* Project object */;
			proxyType = 1;
			remoteGlobalIDString = 621FDADA2C7B520D003804AE;
			remoteInfo = Tracker;
		};
		621FDAFC2C7B520F003804AE /* PBXContainerItemProxy */ = {
			isa = PBXContainerItemProxy;
			containerPortal = 621FDAD32C7B520D003804AE /* Project object */;
			proxyType = 1;
			remoteGlobalIDString = 621FDADA2C7B520D003804AE;
			remoteInfo = Tracker;
		};
/* End PBXContainerItemProxy section */

/* Begin PBXFileReference section */
		621FDADB2C7B520D003804AE /* Tracker.app */ = {isa = PBXFileReference; explicitFileType = wrapper.application; includeInIndex = 0; path = Tracker.app; sourceTree = BUILT_PRODUCTS_DIR; };
		621FDADE2C7B520D003804AE /* AppDelegate.swift */ = {isa = PBXFileReference; lastKnownFileType = sourcecode.swift; path = AppDelegate.swift; sourceTree = "<group>"; };
		621FDAE02C7B520D003804AE /* SceneDelegate.swift */ = {isa = PBXFileReference; lastKnownFileType = sourcecode.swift; path = SceneDelegate.swift; sourceTree = "<group>"; };
		621FDAE22C7B520D003804AE /* TrackersViewController.swift */ = {isa = PBXFileReference; lastKnownFileType = sourcecode.swift; path = TrackersViewController.swift; sourceTree = "<group>"; };
		621FDAE72C7B520F003804AE /* Assets.xcassets */ = {isa = PBXFileReference; lastKnownFileType = folder.assetcatalog; path = Assets.xcassets; sourceTree = "<group>"; };
		621FDAEC2C7B520F003804AE /* Info.plist */ = {isa = PBXFileReference; lastKnownFileType = text.plist.xml; path = Info.plist; sourceTree = "<group>"; };
		621FDAF12C7B520F003804AE /* TrackerTests.xctest */ = {isa = PBXFileReference; explicitFileType = wrapper.cfbundle; includeInIndex = 0; path = TrackerTests.xctest; sourceTree = BUILT_PRODUCTS_DIR; };
		621FDAF52C7B520F003804AE /* TrackerTests.swift */ = {isa = PBXFileReference; lastKnownFileType = sourcecode.swift; path = TrackerTests.swift; sourceTree = "<group>"; };
		621FDAFB2C7B520F003804AE /* TrackerUITests.xctest */ = {isa = PBXFileReference; explicitFileType = wrapper.cfbundle; includeInIndex = 0; path = TrackerUITests.xctest; sourceTree = BUILT_PRODUCTS_DIR; };
		621FDAFF2C7B520F003804AE /* TrackerUITests.swift */ = {isa = PBXFileReference; lastKnownFileType = sourcecode.swift; path = TrackerUITests.swift; sourceTree = "<group>"; };
		621FDB012C7B520F003804AE /* TrackerUITestsLaunchTests.swift */ = {isa = PBXFileReference; lastKnownFileType = sourcecode.swift; path = TrackerUITestsLaunchTests.swift; sourceTree = "<group>"; };
		621FDB0E2C7C9C99003804AE /* TabBarController.swift */ = {isa = PBXFileReference; lastKnownFileType = sourcecode.swift; path = TabBarController.swift; sourceTree = "<group>"; };
		621FDB102C7C9D54003804AE /* StatViewController.swift */ = {isa = PBXFileReference; lastKnownFileType = sourcecode.swift; path = StatViewController.swift; sourceTree = "<group>"; };
		621FDB142C7DB6F6003804AE /* LaunchViewController.swift */ = {isa = PBXFileReference; lastKnownFileType = sourcecode.swift; path = LaunchViewController.swift; sourceTree = "<group>"; };
		621FDB172C80BB4B003804AE /* Tracker.swift */ = {isa = PBXFileReference; lastKnownFileType = sourcecode.swift; path = Tracker.swift; sourceTree = "<group>"; };
		621FDB1A2C80BB68003804AE /* TrackerCategory.swift */ = {isa = PBXFileReference; lastKnownFileType = sourcecode.swift; path = TrackerCategory.swift; sourceTree = "<group>"; };
		621FDB1C2C80BB76003804AE /* TrackerRecord.swift */ = {isa = PBXFileReference; lastKnownFileType = sourcecode.swift; path = TrackerRecord.swift; sourceTree = "<group>"; };
		621FDB1F2C80C609003804AE /* CreateTrackerController.swift */ = {isa = PBXFileReference; lastKnownFileType = sourcecode.swift; path = CreateTrackerController.swift; sourceTree = "<group>"; };
		621FDB212C80CA3D003804AE /* СustomButton.swift */ = {isa = PBXFileReference; lastKnownFileType = sourcecode.swift; path = "СustomButton.swift"; sourceTree = "<group>"; };
		621FDB262C80DEA6003804AE /* CreateHabitsController.swift */ = {isa = PBXFileReference; lastKnownFileType = sourcecode.swift; path = CreateHabitsController.swift; sourceTree = "<group>"; };
		621FDB282C80E425003804AE /* TitlePopup .swift */ = {isa = PBXFileReference; lastKnownFileType = sourcecode.swift; path = "TitlePopup .swift"; sourceTree = "<group>"; };
		621FDB2A2C80EE3E003804AE /* CustomTextField.swift */ = {isa = PBXFileReference; lastKnownFileType = sourcecode.swift; path = CustomTextField.swift; sourceTree = "<group>"; };
		621FDB2C2C81D5EA003804AE /* CustomSelectionButton.swift */ = {isa = PBXFileReference; lastKnownFileType = sourcecode.swift; path = CustomSelectionButton.swift; sourceTree = "<group>"; };
		621FDB2E2C81E89D003804AE /* CategoryViewController.swift */ = {isa = PBXFileReference; lastKnownFileType = sourcecode.swift; path = CategoryViewController.swift; sourceTree = "<group>"; };
		621FDB302C81F1E8003804AE /* CreateCategoryViewController.swift */ = {isa = PBXFileReference; lastKnownFileType = sourcecode.swift; path = CreateCategoryViewController.swift; sourceTree = "<group>"; };
		621FDB332C81F9D6003804AE /* ScheduleViewController.swift */ = {isa = PBXFileReference; lastKnownFileType = sourcecode.swift; path = ScheduleViewController.swift; sourceTree = "<group>"; };
		621FDB352C821D4A003804AE /* ScheduleCell.swift */ = {isa = PBXFileReference; lastKnownFileType = sourcecode.swift; path = ScheduleCell.swift; sourceTree = "<group>"; };
		621FDB372C82F9CB003804AE /* CategoryCell.swift */ = {isa = PBXFileReference; lastKnownFileType = sourcecode.swift; path = CategoryCell.swift; sourceTree = "<group>"; };
		621FDB3C2C84B645003804AE /* TrackerCell.swift */ = {isa = PBXFileReference; lastKnownFileType = sourcecode.swift; path = TrackerCell.swift; sourceTree = "<group>"; };
/* End PBXFileReference section */

/* Begin PBXFrameworksBuildPhase section */
		621FDAD82C7B520D003804AE /* Frameworks */ = {
			isa = PBXFrameworksBuildPhase;
			buildActionMask = 2147483647;
			files = (
			);
			runOnlyForDeploymentPostprocessing = 0;
		};
		621FDAEE2C7B520F003804AE /* Frameworks */ = {
			isa = PBXFrameworksBuildPhase;
			buildActionMask = 2147483647;
			files = (
			);
			runOnlyForDeploymentPostprocessing = 0;
		};
		621FDAF82C7B520F003804AE /* Frameworks */ = {
			isa = PBXFrameworksBuildPhase;
			buildActionMask = 2147483647;
			files = (
			);
			runOnlyForDeploymentPostprocessing = 0;
		};
/* End PBXFrameworksBuildPhase section */

/* Begin PBXGroup section */
		621FDAD22C7B520D003804AE = {
			isa = PBXGroup;
			children = (
				621FDADD2C7B520D003804AE /* Tracker */,
				621FDAF42C7B520F003804AE /* TrackerTests */,
				621FDAFE2C7B520F003804AE /* TrackerUITests */,
				621FDADC2C7B520D003804AE /* Products */,
			);
			sourceTree = "<group>";
		};
		621FDADC2C7B520D003804AE /* Products */ = {
			isa = PBXGroup;
			children = (
				621FDADB2C7B520D003804AE /* Tracker.app */,
				621FDAF12C7B520F003804AE /* TrackerTests.xctest */,
				621FDAFB2C7B520F003804AE /* TrackerUITests.xctest */,
			);
			name = Products;
			sourceTree = "<group>";
		};
		621FDADD2C7B520D003804AE /* Tracker */ = {
			isa = PBXGroup;
			children = (
				621FDB1E2C80BE71003804AE /* Trackers */,
				621FDB162C80BB36003804AE /* Models */,
				621FDB242C80DA01003804AE /* Navigation */,
				621FDB252C80DA63003804AE /* Onboarding */,
				621FDB232C80CB89003804AE /* UI-Elements */,
				621FDADE2C7B520D003804AE /* AppDelegate.swift */,
				621FDAE02C7B520D003804AE /* SceneDelegate.swift */,
				621FDAE72C7B520F003804AE /* Assets.xcassets */,
				621FDAEC2C7B520F003804AE /* Info.plist */,
			);
			path = Tracker;
			sourceTree = "<group>";
		};
		621FDAF42C7B520F003804AE /* TrackerTests */ = {
			isa = PBXGroup;
			children = (
				621FDAF52C7B520F003804AE /* TrackerTests.swift */,
			);
			path = TrackerTests;
			sourceTree = "<group>";
		};
		621FDAFE2C7B520F003804AE /* TrackerUITests */ = {
			isa = PBXGroup;
			children = (
				621FDAFF2C7B520F003804AE /* TrackerUITests.swift */,
				621FDB012C7B520F003804AE /* TrackerUITestsLaunchTests.swift */,
			);
			path = TrackerUITests;
			sourceTree = "<group>";
		};
		621FDB162C80BB36003804AE /* Models */ = {
			isa = PBXGroup;
			children = (
				621FDB172C80BB4B003804AE /* Tracker.swift */,
				621FDB1A2C80BB68003804AE /* TrackerCategory.swift */,
				621FDB1C2C80BB76003804AE /* TrackerRecord.swift */,
			);
			path = Models;
			sourceTree = "<group>";
		};
		621FDB1E2C80BE71003804AE /* Trackers */ = {
			isa = PBXGroup;
			children = (
				621FDAE22C7B520D003804AE /* TrackersViewController.swift */,
				621FDB3C2C84B645003804AE /* TrackerCell.swift */,
				621FDB102C7C9D54003804AE /* StatViewController.swift */,
				621FDB322C81F8A2003804AE /* CreateTrackers */,
			);
			path = Trackers;
			sourceTree = "<group>";
		};
		621FDB232C80CB89003804AE /* UI-Elements */ = {
			isa = PBXGroup;
			children = (
				621FDB212C80CA3D003804AE /* СustomButton.swift */,
				621FDB282C80E425003804AE /* TitlePopup .swift */,
				621FDB2A2C80EE3E003804AE /* CustomTextField.swift */,
				621FDB2C2C81D5EA003804AE /* CustomSelectionButton.swift */,
			);
			path = "UI-Elements";
			sourceTree = "<group>";
		};
		621FDB242C80DA01003804AE /* Navigation */ = {
			isa = PBXGroup;
			children = (
				621FDB0E2C7C9C99003804AE /* TabBarController.swift */,
			);
			path = Navigation;
			sourceTree = "<group>";
		};
		621FDB252C80DA63003804AE /* Onboarding */ = {
			isa = PBXGroup;
			children = (
				621FDB142C7DB6F6003804AE /* LaunchViewController.swift */,
			);
			path = Onboarding;
			sourceTree = "<group>";
		};
		621FDB322C81F8A2003804AE /* CreateTrackers */ = {
			isa = PBXGroup;
			children = (
				621FDB1F2C80C609003804AE /* CreateTrackerController.swift */,
				621FDB262C80DEA6003804AE /* CreateHabitsController.swift */,
				621FDB3A2C82FAC3003804AE /* Shedule */,
				621FDB392C82FAAD003804AE /* Category */,
			);
			path = CreateTrackers;
			sourceTree = "<group>";
		};
		621FDB392C82FAAD003804AE /* Category */ = {
			isa = PBXGroup;
			children = (
				621FDB2E2C81E89D003804AE /* CategoryViewController.swift */,
				621FDB302C81F1E8003804AE /* CreateCategoryViewController.swift */,
				621FDB372C82F9CB003804AE /* CategoryCell.swift */,
			);
			path = Category;
			sourceTree = "<group>";
		};
		621FDB3A2C82FAC3003804AE /* Shedule */ = {
			isa = PBXGroup;
			children = (
				621FDB332C81F9D6003804AE /* ScheduleViewController.swift */,
				621FDB352C821D4A003804AE /* ScheduleCell.swift */,
			);
			path = Shedule;
			sourceTree = "<group>";
		};
/* End PBXGroup section */

/* Begin PBXNativeTarget section */
		621FDADA2C7B520D003804AE /* Tracker */ = {
			isa = PBXNativeTarget;
			buildConfigurationList = 621FDB052C7B520F003804AE /* Build configuration list for PBXNativeTarget "Tracker" */;
			buildPhases = (
				621FDAD72C7B520D003804AE /* Sources */,
				621FDAD82C7B520D003804AE /* Frameworks */,
				621FDAD92C7B520D003804AE /* Resources */,
			);
			buildRules = (
			);
			dependencies = (
			);
			name = Tracker;
			productName = Tracker;
			productReference = 621FDADB2C7B520D003804AE /* Tracker.app */;
			productType = "com.apple.product-type.application";
		};
		621FDAF02C7B520F003804AE /* TrackerTests */ = {
			isa = PBXNativeTarget;
			buildConfigurationList = 621FDB082C7B520F003804AE /* Build configuration list for PBXNativeTarget "TrackerTests" */;
			buildPhases = (
				621FDAED2C7B520F003804AE /* Sources */,
				621FDAEE2C7B520F003804AE /* Frameworks */,
				621FDAEF2C7B520F003804AE /* Resources */,
			);
			buildRules = (
			);
			dependencies = (
				621FDAF32C7B520F003804AE /* PBXTargetDependency */,
			);
			name = TrackerTests;
			productName = TrackerTests;
			productReference = 621FDAF12C7B520F003804AE /* TrackerTests.xctest */;
			productType = "com.apple.product-type.bundle.unit-test";
		};
		621FDAFA2C7B520F003804AE /* TrackerUITests */ = {
			isa = PBXNativeTarget;
			buildConfigurationList = 621FDB0B2C7B520F003804AE /* Build configuration list for PBXNativeTarget "TrackerUITests" */;
			buildPhases = (
				621FDAF72C7B520F003804AE /* Sources */,
				621FDAF82C7B520F003804AE /* Frameworks */,
				621FDAF92C7B520F003804AE /* Resources */,
			);
			buildRules = (
			);
			dependencies = (
				621FDAFD2C7B520F003804AE /* PBXTargetDependency */,
			);
			name = TrackerUITests;
			productName = TrackerUITests;
			productReference = 621FDAFB2C7B520F003804AE /* TrackerUITests.xctest */;
			productType = "com.apple.product-type.bundle.ui-testing";
		};
/* End PBXNativeTarget section */

/* Begin PBXProject section */
		621FDAD32C7B520D003804AE /* Project object */ = {
			isa = PBXProject;
			attributes = {
				BuildIndependentTargetsInParallel = 1;
				LastSwiftUpdateCheck = 1540;
				LastUpgradeCheck = 1540;
				TargetAttributes = {
					621FDADA2C7B520D003804AE = {
						CreatedOnToolsVersion = 15.4;
					};
					621FDAF02C7B520F003804AE = {
						CreatedOnToolsVersion = 15.4;
						TestTargetID = 621FDADA2C7B520D003804AE;
					};
					621FDAFA2C7B520F003804AE = {
						CreatedOnToolsVersion = 15.4;
						TestTargetID = 621FDADA2C7B520D003804AE;
					};
				};
			};
			buildConfigurationList = 621FDAD62C7B520D003804AE /* Build configuration list for PBXProject "Tracker" */;
			compatibilityVersion = "Xcode 14.0";
			developmentRegion = en;
			hasScannedForEncodings = 0;
			knownRegions = (
				en,
				Base,
			);
			mainGroup = 621FDAD22C7B520D003804AE;
			productRefGroup = 621FDADC2C7B520D003804AE /* Products */;
			projectDirPath = "";
			projectRoot = "";
			targets = (
				621FDADA2C7B520D003804AE /* Tracker */,
				621FDAF02C7B520F003804AE /* TrackerTests */,
				621FDAFA2C7B520F003804AE /* TrackerUITests */,
			);
		};
/* End PBXProject section */

/* Begin PBXResourcesBuildPhase section */
		621FDAD92C7B520D003804AE /* Resources */ = {
			isa = PBXResourcesBuildPhase;
			buildActionMask = 2147483647;
			files = (
				621FDAE82C7B520F003804AE /* Assets.xcassets in Resources */,
			);
			runOnlyForDeploymentPostprocessing = 0;
		};
		621FDAEF2C7B520F003804AE /* Resources */ = {
			isa = PBXResourcesBuildPhase;
			buildActionMask = 2147483647;
			files = (
			);
			runOnlyForDeploymentPostprocessing = 0;
		};
		621FDAF92C7B520F003804AE /* Resources */ = {
			isa = PBXResourcesBuildPhase;
			buildActionMask = 2147483647;
			files = (
			);
			runOnlyForDeploymentPostprocessing = 0;
		};
/* End PBXResourcesBuildPhase section */

/* Begin PBXSourcesBuildPhase section */
		621FDAD72C7B520D003804AE /* Sources */ = {
			isa = PBXSourcesBuildPhase;
			buildActionMask = 2147483647;
			files = (
				621FDB2B2C80EE3E003804AE /* CustomTextField.swift in Sources */,
				621FDAE32C7B520D003804AE /* TrackersViewController.swift in Sources */,
				621FDB272C80DEA6003804AE /* CreateHabitsController.swift in Sources */,
				621FDB342C81F9D6003804AE /* ScheduleViewController.swift in Sources */,
				621FDB152C7DB6F6003804AE /* LaunchViewController.swift in Sources */,
				621FDB2F2C81E89D003804AE /* CategoryViewController.swift in Sources */,
				621FDB1B2C80BB68003804AE /* TrackerCategory.swift in Sources */,
				621FDB222C80CA3D003804AE /* СustomButton.swift in Sources */,
				621FDB0F2C7C9C99003804AE /* TabBarController.swift in Sources */,
				621FDADF2C7B520D003804AE /* AppDelegate.swift in Sources */,
				621FDB3D2C84B645003804AE /* TrackerCell.swift in Sources */,
				621FDB1D2C80BB76003804AE /* TrackerRecord.swift in Sources */,
				621FDB312C81F1E8003804AE /* CreateCategoryViewController.swift in Sources */,
				621FDB202C80C609003804AE /* CreateTrackerController.swift in Sources */,
				621FDB292C80E425003804AE /* TitlePopup .swift in Sources */,
				621FDB112C7C9D54003804AE /* StatViewController.swift in Sources */,
				621FDB2D2C81D5EA003804AE /* CustomSelectionButton.swift in Sources */,
				621FDB362C821D4A003804AE /* ScheduleCell.swift in Sources */,
				621FDAE12C7B520D003804AE /* SceneDelegate.swift in Sources */,
				621FDB182C80BB4B003804AE /* Tracker.swift in Sources */,
				621FDB382C82F9CB003804AE /* CategoryCell.swift in Sources */,
			);
			runOnlyForDeploymentPostprocessing = 0;
		};
		621FDAED2C7B520F003804AE /* Sources */ = {
			isa = PBXSourcesBuildPhase;
			buildActionMask = 2147483647;
			files = (
				621FDAF62C7B520F003804AE /* TrackerTests.swift in Sources */,
			);
			runOnlyForDeploymentPostprocessing = 0;
		};
		621FDAF72C7B520F003804AE /* Sources */ = {
			isa = PBXSourcesBuildPhase;
			buildActionMask = 2147483647;
			files = (
				621FDB002C7B520F003804AE /* TrackerUITests.swift in Sources */,
				621FDB022C7B520F003804AE /* TrackerUITestsLaunchTests.swift in Sources */,
			);
			runOnlyForDeploymentPostprocessing = 0;
		};
/* End PBXSourcesBuildPhase section */

/* Begin PBXTargetDependency section */
		621FDAF32C7B520F003804AE /* PBXTargetDependency */ = {
			isa = PBXTargetDependency;
			target = 621FDADA2C7B520D003804AE /* Tracker */;
			targetProxy = 621FDAF22C7B520F003804AE /* PBXContainerItemProxy */;
		};
		621FDAFD2C7B520F003804AE /* PBXTargetDependency */ = {
			isa = PBXTargetDependency;
			target = 621FDADA2C7B520D003804AE /* Tracker */;
			targetProxy = 621FDAFC2C7B520F003804AE /* PBXContainerItemProxy */;
		};
/* End PBXTargetDependency section */

/* Begin XCBuildConfiguration section */
		621FDB032C7B520F003804AE /* Debug */ = {
			isa = XCBuildConfiguration;
			buildSettings = {
				ALWAYS_SEARCH_USER_PATHS = NO;
				ASSETCATALOG_COMPILER_GENERATE_SWIFT_ASSET_SYMBOL_EXTENSIONS = YES;
				CLANG_ANALYZER_NONNULL = YES;
				CLANG_ANALYZER_NUMBER_OBJECT_CONVERSION = YES_AGGRESSIVE;
				CLANG_CXX_LANGUAGE_STANDARD = "gnu++20";
				CLANG_ENABLE_MODULES = YES;
				CLANG_ENABLE_OBJC_ARC = YES;
				CLANG_ENABLE_OBJC_WEAK = YES;
				CLANG_WARN_BLOCK_CAPTURE_AUTORELEASING = YES;
				CLANG_WARN_BOOL_CONVERSION = YES;
				CLANG_WARN_COMMA = YES;
				CLANG_WARN_CONSTANT_CONVERSION = YES;
				CLANG_WARN_DEPRECATED_OBJC_IMPLEMENTATIONS = YES;
				CLANG_WARN_DIRECT_OBJC_ISA_USAGE = YES_ERROR;
				CLANG_WARN_DOCUMENTATION_COMMENTS = YES;
				CLANG_WARN_EMPTY_BODY = YES;
				CLANG_WARN_ENUM_CONVERSION = YES;
				CLANG_WARN_INFINITE_RECURSION = YES;
				CLANG_WARN_INT_CONVERSION = YES;
				CLANG_WARN_NON_LITERAL_NULL_CONVERSION = YES;
				CLANG_WARN_OBJC_IMPLICIT_RETAIN_SELF = YES;
				CLANG_WARN_OBJC_LITERAL_CONVERSION = YES;
				CLANG_WARN_OBJC_ROOT_CLASS = YES_ERROR;
				CLANG_WARN_QUOTED_INCLUDE_IN_FRAMEWORK_HEADER = YES;
				CLANG_WARN_RANGE_LOOP_ANALYSIS = YES;
				CLANG_WARN_STRICT_PROTOTYPES = YES;
				CLANG_WARN_SUSPICIOUS_MOVE = YES;
				CLANG_WARN_UNGUARDED_AVAILABILITY = YES_AGGRESSIVE;
				CLANG_WARN_UNREACHABLE_CODE = YES;
				CLANG_WARN__DUPLICATE_METHOD_MATCH = YES;
				COPY_PHASE_STRIP = NO;
				DEBUG_INFORMATION_FORMAT = dwarf;
				ENABLE_STRICT_OBJC_MSGSEND = YES;
				ENABLE_TESTABILITY = YES;
				ENABLE_USER_SCRIPT_SANDBOXING = YES;
				GCC_C_LANGUAGE_STANDARD = gnu17;
				GCC_DYNAMIC_NO_PIC = NO;
				GCC_NO_COMMON_BLOCKS = YES;
				GCC_OPTIMIZATION_LEVEL = 0;
				GCC_PREPROCESSOR_DEFINITIONS = (
					"DEBUG=1",
					"$(inherited)",
				);
				GCC_WARN_64_TO_32_BIT_CONVERSION = YES;
				GCC_WARN_ABOUT_RETURN_TYPE = YES_ERROR;
				GCC_WARN_UNDECLARED_SELECTOR = YES;
				GCC_WARN_UNINITIALIZED_AUTOS = YES_AGGRESSIVE;
				GCC_WARN_UNUSED_FUNCTION = YES;
				GCC_WARN_UNUSED_VARIABLE = YES;
				IPHONEOS_DEPLOYMENT_TARGET = 17.5;
				LOCALIZATION_PREFERS_STRING_CATALOGS = YES;
				MTL_ENABLE_DEBUG_INFO = INCLUDE_SOURCE;
				MTL_FAST_MATH = YES;
				ONLY_ACTIVE_ARCH = YES;
				SDKROOT = iphoneos;
				SWIFT_ACTIVE_COMPILATION_CONDITIONS = "DEBUG $(inherited)";
				SWIFT_OPTIMIZATION_LEVEL = "-Onone";
			};
			name = Debug;
		};
		621FDB042C7B520F003804AE /* Release */ = {
			isa = XCBuildConfiguration;
			buildSettings = {
				ALWAYS_SEARCH_USER_PATHS = NO;
				ASSETCATALOG_COMPILER_GENERATE_SWIFT_ASSET_SYMBOL_EXTENSIONS = YES;
				CLANG_ANALYZER_NONNULL = YES;
				CLANG_ANALYZER_NUMBER_OBJECT_CONVERSION = YES_AGGRESSIVE;
				CLANG_CXX_LANGUAGE_STANDARD = "gnu++20";
				CLANG_ENABLE_MODULES = YES;
				CLANG_ENABLE_OBJC_ARC = YES;
				CLANG_ENABLE_OBJC_WEAK = YES;
				CLANG_WARN_BLOCK_CAPTURE_AUTORELEASING = YES;
				CLANG_WARN_BOOL_CONVERSION = YES;
				CLANG_WARN_COMMA = YES;
				CLANG_WARN_CONSTANT_CONVERSION = YES;
				CLANG_WARN_DEPRECATED_OBJC_IMPLEMENTATIONS = YES;
				CLANG_WARN_DIRECT_OBJC_ISA_USAGE = YES_ERROR;
				CLANG_WARN_DOCUMENTATION_COMMENTS = YES;
				CLANG_WARN_EMPTY_BODY = YES;
				CLANG_WARN_ENUM_CONVERSION = YES;
				CLANG_WARN_INFINITE_RECURSION = YES;
				CLANG_WARN_INT_CONVERSION = YES;
				CLANG_WARN_NON_LITERAL_NULL_CONVERSION = YES;
				CLANG_WARN_OBJC_IMPLICIT_RETAIN_SELF = YES;
				CLANG_WARN_OBJC_LITERAL_CONVERSION = YES;
				CLANG_WARN_OBJC_ROOT_CLASS = YES_ERROR;
				CLANG_WARN_QUOTED_INCLUDE_IN_FRAMEWORK_HEADER = YES;
				CLANG_WARN_RANGE_LOOP_ANALYSIS = YES;
				CLANG_WARN_STRICT_PROTOTYPES = YES;
				CLANG_WARN_SUSPICIOUS_MOVE = YES;
				CLANG_WARN_UNGUARDED_AVAILABILITY = YES_AGGRESSIVE;
				CLANG_WARN_UNREACHABLE_CODE = YES;
				CLANG_WARN__DUPLICATE_METHOD_MATCH = YES;
				COPY_PHASE_STRIP = NO;
				DEBUG_INFORMATION_FORMAT = "dwarf-with-dsym";
				ENABLE_NS_ASSERTIONS = NO;
				ENABLE_STRICT_OBJC_MSGSEND = YES;
				ENABLE_USER_SCRIPT_SANDBOXING = YES;
				GCC_C_LANGUAGE_STANDARD = gnu17;
				GCC_NO_COMMON_BLOCKS = YES;
				GCC_WARN_64_TO_32_BIT_CONVERSION = YES;
				GCC_WARN_ABOUT_RETURN_TYPE = YES_ERROR;
				GCC_WARN_UNDECLARED_SELECTOR = YES;
				GCC_WARN_UNINITIALIZED_AUTOS = YES_AGGRESSIVE;
				GCC_WARN_UNUSED_FUNCTION = YES;
				GCC_WARN_UNUSED_VARIABLE = YES;
				IPHONEOS_DEPLOYMENT_TARGET = 17.5;
				LOCALIZATION_PREFERS_STRING_CATALOGS = YES;
				MTL_ENABLE_DEBUG_INFO = NO;
				MTL_FAST_MATH = YES;
				SDKROOT = iphoneos;
				SWIFT_COMPILATION_MODE = wholemodule;
				VALIDATE_PRODUCT = YES;
			};
			name = Release;
		};
		621FDB062C7B520F003804AE /* Debug */ = {
			isa = XCBuildConfiguration;
			buildSettings = {
				ASSETCATALOG_COMPILER_APPICON_NAME = AppIcon;
				ASSETCATALOG_COMPILER_GLOBAL_ACCENT_COLOR_NAME = AccentColor;
				CODE_SIGN_STYLE = Automatic;
				CURRENT_PROJECT_VERSION = 1;
				DEVELOPMENT_TEAM = 737B4WA89Q;
				GENERATE_INFOPLIST_FILE = YES;
				INFOPLIST_FILE = Tracker/Info.plist;
				INFOPLIST_KEY_UIApplicationSupportsIndirectInputEvents = YES;
				INFOPLIST_KEY_UILaunchStoryboardName = LaunchScreen;
				INFOPLIST_KEY_UISupportedInterfaceOrientations = UIInterfaceOrientationPortrait;
				IPHONEOS_DEPLOYMENT_TARGET = 13.4;
				LD_RUNPATH_SEARCH_PATHS = (
					"$(inherited)",
					"@executable_path/Frameworks",
				);
				MARKETING_VERSION = 1.0;
				PRODUCT_BUNDLE_IDENTIFIER = ru.kucherenko.Tracker;
				PRODUCT_NAME = "$(TARGET_NAME)";
				SUPPORTED_PLATFORMS = "iphoneos iphonesimulator";
				SUPPORTS_MACCATALYST = NO;
				SWIFT_EMIT_LOC_STRINGS = YES;
				SWIFT_VERSION = 5.0;
				TARGETED_DEVICE_FAMILY = 1;
			};
			name = Debug;
		};
		621FDB072C7B520F003804AE /* Release */ = {
			isa = XCBuildConfiguration;
			buildSettings = {
				ASSETCATALOG_COMPILER_APPICON_NAME = AppIcon;
				ASSETCATALOG_COMPILER_GLOBAL_ACCENT_COLOR_NAME = AccentColor;
				CODE_SIGN_STYLE = Automatic;
				CURRENT_PROJECT_VERSION = 1;
				DEVELOPMENT_TEAM = 737B4WA89Q;
				GENERATE_INFOPLIST_FILE = YES;
				INFOPLIST_FILE = Tracker/Info.plist;
				INFOPLIST_KEY_UIApplicationSupportsIndirectInputEvents = YES;
				INFOPLIST_KEY_UILaunchStoryboardName = LaunchScreen;
				INFOPLIST_KEY_UISupportedInterfaceOrientations = UIInterfaceOrientationPortrait;
				IPHONEOS_DEPLOYMENT_TARGET = 13.4;
				LD_RUNPATH_SEARCH_PATHS = (
					"$(inherited)",
					"@executable_path/Frameworks",
				);
				MARKETING_VERSION = 1.0;
				PRODUCT_BUNDLE_IDENTIFIER = ru.kucherenko.Tracker;
				PRODUCT_NAME = "$(TARGET_NAME)";
				SUPPORTED_PLATFORMS = "iphoneos iphonesimulator";
				SUPPORTS_MACCATALYST = NO;
				SWIFT_EMIT_LOC_STRINGS = YES;
				SWIFT_VERSION = 5.0;
				TARGETED_DEVICE_FAMILY = 1;
			};
			name = Release;
		};
		621FDB092C7B520F003804AE /* Debug */ = {
			isa = XCBuildConfiguration;
			buildSettings = {
				ALWAYS_EMBED_SWIFT_STANDARD_LIBRARIES = YES;
				BUNDLE_LOADER = "$(TEST_HOST)";
				CODE_SIGN_STYLE = Automatic;
				CURRENT_PROJECT_VERSION = 1;
				DEVELOPMENT_TEAM = 737B4WA89Q;
				GENERATE_INFOPLIST_FILE = YES;
				IPHONEOS_DEPLOYMENT_TARGET = 17.5;
				MARKETING_VERSION = 1.0;
				PRODUCT_BUNDLE_IDENTIFIER = ru.kucherenko.TrackerTests;
				PRODUCT_NAME = "$(TARGET_NAME)";
				SWIFT_EMIT_LOC_STRINGS = NO;
				SWIFT_VERSION = 5.0;
				TARGETED_DEVICE_FAMILY = "1,2";
				TEST_HOST = "$(BUILT_PRODUCTS_DIR)/Tracker.app/$(BUNDLE_EXECUTABLE_FOLDER_PATH)/Tracker";
			};
			name = Debug;
		};
		621FDB0A2C7B520F003804AE /* Release */ = {
			isa = XCBuildConfiguration;
			buildSettings = {
				ALWAYS_EMBED_SWIFT_STANDARD_LIBRARIES = YES;
				BUNDLE_LOADER = "$(TEST_HOST)";
				CODE_SIGN_STYLE = Automatic;
				CURRENT_PROJECT_VERSION = 1;
				DEVELOPMENT_TEAM = 737B4WA89Q;
				GENERATE_INFOPLIST_FILE = YES;
				IPHONEOS_DEPLOYMENT_TARGET = 17.5;
				MARKETING_VERSION = 1.0;
				PRODUCT_BUNDLE_IDENTIFIER = ru.kucherenko.TrackerTests;
				PRODUCT_NAME = "$(TARGET_NAME)";
				SWIFT_EMIT_LOC_STRINGS = NO;
				SWIFT_VERSION = 5.0;
				TARGETED_DEVICE_FAMILY = "1,2";
				TEST_HOST = "$(BUILT_PRODUCTS_DIR)/Tracker.app/$(BUNDLE_EXECUTABLE_FOLDER_PATH)/Tracker";
			};
			name = Release;
		};
		621FDB0C2C7B520F003804AE /* Debug */ = {
			isa = XCBuildConfiguration;
			buildSettings = {
				ALWAYS_EMBED_SWIFT_STANDARD_LIBRARIES = YES;
				CODE_SIGN_STYLE = Automatic;
				CURRENT_PROJECT_VERSION = 1;
				DEVELOPMENT_TEAM = 737B4WA89Q;
				GENERATE_INFOPLIST_FILE = YES;
				MARKETING_VERSION = 1.0;
				PRODUCT_BUNDLE_IDENTIFIER = ru.kucherenko.TrackerUITests;
				PRODUCT_NAME = "$(TARGET_NAME)";
				SWIFT_EMIT_LOC_STRINGS = NO;
				SWIFT_VERSION = 5.0;
				TARGETED_DEVICE_FAMILY = "1,2";
				TEST_TARGET_NAME = Tracker;
			};
			name = Debug;
		};
		621FDB0D2C7B520F003804AE /* Release */ = {
			isa = XCBuildConfiguration;
			buildSettings = {
				ALWAYS_EMBED_SWIFT_STANDARD_LIBRARIES = YES;
				CODE_SIGN_STYLE = Automatic;
				CURRENT_PROJECT_VERSION = 1;
				DEVELOPMENT_TEAM = 737B4WA89Q;
				GENERATE_INFOPLIST_FILE = YES;
				MARKETING_VERSION = 1.0;
				PRODUCT_BUNDLE_IDENTIFIER = ru.kucherenko.TrackerUITests;
				PRODUCT_NAME = "$(TARGET_NAME)";
				SWIFT_EMIT_LOC_STRINGS = NO;
				SWIFT_VERSION = 5.0;
				TARGETED_DEVICE_FAMILY = "1,2";
				TEST_TARGET_NAME = Tracker;
			};
			name = Release;
		};
/* End XCBuildConfiguration section */

/* Begin XCConfigurationList section */
		621FDAD62C7B520D003804AE /* Build configuration list for PBXProject "Tracker" */ = {
			isa = XCConfigurationList;
			buildConfigurations = (
				621FDB032C7B520F003804AE /* Debug */,
				621FDB042C7B520F003804AE /* Release */,
			);
			defaultConfigurationIsVisible = 0;
			defaultConfigurationName = Release;
		};
		621FDB052C7B520F003804AE /* Build configuration list for PBXNativeTarget "Tracker" */ = {
			isa = XCConfigurationList;
			buildConfigurations = (
				621FDB062C7B520F003804AE /* Debug */,
				621FDB072C7B520F003804AE /* Release */,
			);
			defaultConfigurationIsVisible = 0;
			defaultConfigurationName = Release;
		};
		621FDB082C7B520F003804AE /* Build configuration list for PBXNativeTarget "TrackerTests" */ = {
			isa = XCConfigurationList;
			buildConfigurations = (
				621FDB092C7B520F003804AE /* Debug */,
				621FDB0A2C7B520F003804AE /* Release */,
			);
			defaultConfigurationIsVisible = 0;
			defaultConfigurationName = Release;
		};
		621FDB0B2C7B520F003804AE /* Build configuration list for PBXNativeTarget "TrackerUITests" */ = {
			isa = XCConfigurationList;
			buildConfigurations = (
				621FDB0C2C7B520F003804AE /* Debug */,
				621FDB0D2C7B520F003804AE /* Release */,
			);
			defaultConfigurationIsVisible = 0;
			defaultConfigurationName = Release;
		};
/* End XCConfigurationList section */
	};
	rootObject = 621FDAD32C7B520D003804AE /* Project object */;
}
